// !$*UTF8*$!
{
	archiveVersion = 1;
	classes = {
	};
	objectVersion = 46;
	objects = {

/* Begin PBXBuildFile section */
		1213C3FB1C750D9100D19A1A /* Main.storyboard in Resources */ = {isa = PBXBuildFile; fileRef = 1213C3F91C750D9100D19A1A /* Main.storyboard */; };
		1242740A1C70E92500A6EC0F /* SWRevealViewController.m in Sources */ = {isa = PBXBuildFile; fileRef = 124274091C70E92500A6EC0F /* SWRevealViewController.m */; };
		1242740E1C70E9E000A6EC0F /* HomeViewController.swift in Sources */ = {isa = PBXBuildFile; fileRef = 1242740C1C70E9E000A6EC0F /* HomeViewController.swift */; };
		1242740F1C70E9E000A6EC0F /* ProfilViewController.swift in Sources */ = {isa = PBXBuildFile; fileRef = 1242740D1C70E9E000A6EC0F /* ProfilViewController.swift */; };
		124274121C70F93100A6EC0F /* FormViewController.swift in Sources */ = {isa = PBXBuildFile; fileRef = 124274111C70F93100A6EC0F /* FormViewController.swift */; };
		124274141C71147A00A6EC0F /* ListProfilLinkedInTableViewController.swift in Sources */ = {isa = PBXBuildFile; fileRef = 124274131C71147A00A6EC0F /* ListProfilLinkedInTableViewController.swift */; };
		12466CE31C738D5C0091B58C /* CustomCell.swift in Sources */ = {isa = PBXBuildFile; fileRef = 12466CE21C738D5C0091B58C /* CustomCell.swift */; };
		12466CE51C7390060091B58C /* TableViewController.swift in Sources */ = {isa = PBXBuildFile; fileRef = 12466CE41C7390060091B58C /* TableViewController.swift */; };
		12466CE81C7393590091B58C /* Person.swift in Sources */ = {isa = PBXBuildFile; fileRef = 12466CE71C7393590091B58C /* Person.swift */; };
		1275EF941C724D4900D31FB2 /* ConnexionViewController.swift in Sources */ = {isa = PBXBuildFile; fileRef = 1275EF931C724D4900D31FB2 /* ConnexionViewController.swift */; };
		12DB203B1C70CF3100FD8969 /* AppDelegate.swift in Sources */ = {isa = PBXBuildFile; fileRef = 12DB203A1C70CF3100FD8969 /* AppDelegate.swift */; };
		12DB203D1C70CF3100FD8969 /* ViewController.swift in Sources */ = {isa = PBXBuildFile; fileRef = 12DB203C1C70CF3100FD8969 /* ViewController.swift */; };
		12DB20421C70CF3100FD8969 /* Assets.xcassets in Resources */ = {isa = PBXBuildFile; fileRef = 12DB20411C70CF3100FD8969 /* Assets.xcassets */; };
		12DB20451C70CF3100FD8969 /* LaunchScreen.storyboard in Resources */ = {isa = PBXBuildFile; fileRef = 12DB20431C70CF3100FD8969 /* LaunchScreen.storyboard */; };
		12DB20501C70CF3100FD8969 /* SpullingTests.swift in Sources */ = {isa = PBXBuildFile; fileRef = 12DB204F1C70CF3100FD8969 /* SpullingTests.swift */; };
		12DB205B1C70CF3100FD8969 /* SpullingUITests.swift in Sources */ = {isa = PBXBuildFile; fileRef = 12DB205A1C70CF3100FD8969 /* SpullingUITests.swift */; };
		7BBA598BC7D63F8D673F20E5 /* Pods_Spulling.framework in Frameworks */ = {isa = PBXBuildFile; fileRef = 95D5F8930E03587B13E803C7 /* Pods_Spulling.framework */; };
/* End PBXBuildFile section */

/* Begin PBXContainerItemProxy section */
		12DB204C1C70CF3100FD8969 /* PBXContainerItemProxy */ = {
			isa = PBXContainerItemProxy;
			containerPortal = 12DB202F1C70CF3100FD8969 /* Project object */;
			proxyType = 1;
			remoteGlobalIDString = 12DB20361C70CF3100FD8969;
			remoteInfo = Spulling;
		};
		12DB20571C70CF3100FD8969 /* PBXContainerItemProxy */ = {
			isa = PBXContainerItemProxy;
			containerPortal = 12DB202F1C70CF3100FD8969 /* Project object */;
			proxyType = 1;
			remoteGlobalIDString = 12DB20361C70CF3100FD8969;
			remoteInfo = Spulling;
		};
/* End PBXContainerItemProxy section */

/* Begin PBXFileReference section */
		0EF67F4FED7169D0C0DB0649 /* Pods-Spulling.release.xcconfig */ = {isa = PBXFileReference; includeInIndex = 1; lastKnownFileType = text.xcconfig; name = "Pods-Spulling.release.xcconfig"; path = "Pods/Target Support Files/Pods-Spulling/Pods-Spulling.release.xcconfig"; sourceTree = "<group>"; };
		1213C3FA1C750D9100D19A1A /* Base */ = {isa = PBXFileReference; lastKnownFileType = file.storyboard; name = Base; path = Base.lproj/Main.storyboard; sourceTree = "<group>"; };
		124274061C70E92400A6EC0F /* Spulling-Bridging-Header.h */ = {isa = PBXFileReference; lastKnownFileType = sourcecode.c.h; path = "Spulling-Bridging-Header.h"; sourceTree = "<group>"; };
		124274071C70E92500A6EC0F /* Pullin'-Bridging-Header.h */ = {isa = PBXFileReference; fileEncoding = 4; lastKnownFileType = sourcecode.c.h; path = "Pullin'-Bridging-Header.h"; sourceTree = "<group>"; };
		124274081C70E92500A6EC0F /* SWRevealViewController.h */ = {isa = PBXFileReference; fileEncoding = 4; lastKnownFileType = sourcecode.c.h; path = SWRevealViewController.h; sourceTree = "<group>"; };
		124274091C70E92500A6EC0F /* SWRevealViewController.m */ = {isa = PBXFileReference; fileEncoding = 4; lastKnownFileType = sourcecode.c.objc; path = SWRevealViewController.m; sourceTree = "<group>"; };
		1242740C1C70E9E000A6EC0F /* HomeViewController.swift */ = {isa = PBXFileReference; fileEncoding = 4; lastKnownFileType = sourcecode.swift; path = HomeViewController.swift; sourceTree = "<group>"; };
		1242740D1C70E9E000A6EC0F /* ProfilViewController.swift */ = {isa = PBXFileReference; fileEncoding = 4; lastKnownFileType = sourcecode.swift; path = ProfilViewController.swift; sourceTree = "<group>"; };
		124274111C70F93100A6EC0F /* FormViewController.swift */ = {isa = PBXFileReference; fileEncoding = 4; lastKnownFileType = sourcecode.swift; path = FormViewController.swift; sourceTree = "<group>"; };
		124274131C71147A00A6EC0F /* ListProfilLinkedInTableViewController.swift */ = {isa = PBXFileReference; fileEncoding = 4; lastKnownFileType = sourcecode.swift; path = ListProfilLinkedInTableViewController.swift; sourceTree = "<group>"; };
		12466CE21C738D5C0091B58C /* CustomCell.swift */ = {isa = PBXFileReference; fileEncoding = 4; lastKnownFileType = sourcecode.swift; path = CustomCell.swift; sourceTree = "<group>"; };
		12466CE41C7390060091B58C /* TableViewController.swift */ = {isa = PBXFileReference; fileEncoding = 4; lastKnownFileType = sourcecode.swift; path = TableViewController.swift; sourceTree = "<group>"; };
		12466CE71C7393590091B58C /* Person.swift */ = {isa = PBXFileReference; fileEncoding = 4; lastKnownFileType = sourcecode.swift; path = Person.swift; sourceTree = "<group>"; };
		1275EF931C724D4900D31FB2 /* ConnexionViewController.swift */ = {isa = PBXFileReference; fileEncoding = 4; lastKnownFileType = sourcecode.swift; path = ConnexionViewController.swift; sourceTree = "<group>"; };
		12DB20371C70CF3100FD8969 /* Spulling.app */ = {isa = PBXFileReference; explicitFileType = wrapper.application; includeInIndex = 0; path = Spulling.app; sourceTree = BUILT_PRODUCTS_DIR; };
		12DB203A1C70CF3100FD8969 /* AppDelegate.swift */ = {isa = PBXFileReference; lastKnownFileType = sourcecode.swift; path = AppDelegate.swift; sourceTree = "<group>"; };
		12DB203C1C70CF3100FD8969 /* ViewController.swift */ = {isa = PBXFileReference; lastKnownFileType = sourcecode.swift; path = ViewController.swift; sourceTree = "<group>"; };
		12DB20411C70CF3100FD8969 /* Assets.xcassets */ = {isa = PBXFileReference; lastKnownFileType = folder.assetcatalog; path = Assets.xcassets; sourceTree = "<group>"; };
		12DB20441C70CF3100FD8969 /* Base */ = {isa = PBXFileReference; lastKnownFileType = file.storyboard; name = Base; path = Base.lproj/LaunchScreen.storyboard; sourceTree = "<group>"; };
		12DB20461C70CF3100FD8969 /* Info.plist */ = {isa = PBXFileReference; lastKnownFileType = text.plist.xml; path = Info.plist; sourceTree = "<group>"; };
		12DB204B1C70CF3100FD8969 /* SpullingTests.xctest */ = {isa = PBXFileReference; explicitFileType = wrapper.cfbundle; includeInIndex = 0; path = SpullingTests.xctest; sourceTree = BUILT_PRODUCTS_DIR; };
		12DB204F1C70CF3100FD8969 /* SpullingTests.swift */ = {isa = PBXFileReference; lastKnownFileType = sourcecode.swift; path = SpullingTests.swift; sourceTree = "<group>"; };
		12DB20511C70CF3100FD8969 /* Info.plist */ = {isa = PBXFileReference; lastKnownFileType = text.plist.xml; path = Info.plist; sourceTree = "<group>"; };
		12DB20561C70CF3100FD8969 /* SpullingUITests.xctest */ = {isa = PBXFileReference; explicitFileType = wrapper.cfbundle; includeInIndex = 0; path = SpullingUITests.xctest; sourceTree = BUILT_PRODUCTS_DIR; };
		12DB205A1C70CF3100FD8969 /* SpullingUITests.swift */ = {isa = PBXFileReference; lastKnownFileType = sourcecode.swift; path = SpullingUITests.swift; sourceTree = "<group>"; };
		12DB205C1C70CF3100FD8969 /* Info.plist */ = {isa = PBXFileReference; lastKnownFileType = text.plist.xml; path = Info.plist; sourceTree = "<group>"; };
		95D5F8930E03587B13E803C7 /* Pods_Spulling.framework */ = {isa = PBXFileReference; explicitFileType = wrapper.framework; includeInIndex = 0; path = Pods_Spulling.framework; sourceTree = BUILT_PRODUCTS_DIR; };
		D007F9F28352C51A23A06CB9 /* Pods-Spulling.debug.xcconfig */ = {isa = PBXFileReference; includeInIndex = 1; lastKnownFileType = text.xcconfig; name = "Pods-Spulling.debug.xcconfig"; path = "Pods/Target Support Files/Pods-Spulling/Pods-Spulling.debug.xcconfig"; sourceTree = "<group>"; };
/* End PBXFileReference section */

/* Begin PBXFrameworksBuildPhase section */
		12DB20341C70CF3100FD8969 /* Frameworks */ = {
			isa = PBXFrameworksBuildPhase;
			buildActionMask = 2147483647;
			files = (
				7BBA598BC7D63F8D673F20E5 /* Pods_Spulling.framework in Frameworks */,
			);
			runOnlyForDeploymentPostprocessing = 0;
		};
		12DB20481C70CF3100FD8969 /* Frameworks */ = {
			isa = PBXFrameworksBuildPhase;
			buildActionMask = 2147483647;
			files = (
			);
			runOnlyForDeploymentPostprocessing = 0;
		};
		12DB20531C70CF3100FD8969 /* Frameworks */ = {
			isa = PBXFrameworksBuildPhase;
			buildActionMask = 2147483647;
			files = (
			);
			runOnlyForDeploymentPostprocessing = 0;
		};
/* End PBXFrameworksBuildPhase section */

/* Begin PBXGroup section */
		124274051C70E90A00A6EC0F /* SWRevealView */ = {
			isa = PBXGroup;
			children = (
				124274071C70E92500A6EC0F /* Pullin'-Bridging-Header.h */,
				124274081C70E92500A6EC0F /* SWRevealViewController.h */,
				124274091C70E92500A6EC0F /* SWRevealViewController.m */,
				124274061C70E92400A6EC0F /* Spulling-Bridging-Header.h */,
			);
			name = SWRevealView;
			sourceTree = "<group>";
		};
		1242740B1C70E9C300A6EC0F /* ApplicationViewControllers */ = {
			isa = PBXGroup;
			children = (
				1242740C1C70E9E000A6EC0F /* HomeViewController.swift */,
				1242740D1C70E9E000A6EC0F /* ProfilViewController.swift */,
			);
			name = ApplicationViewControllers;
			sourceTree = "<group>";
		};
		124274101C70F91100A6EC0F /* InscriptionViewControllers */ = {
			isa = PBXGroup;
			children = (
				124274111C70F93100A6EC0F /* FormViewController.swift */,
				124274131C71147A00A6EC0F /* ListProfilLinkedInTableViewController.swift */,
				12466CE21C738D5C0091B58C /* CustomCell.swift */,
				12466CE41C7390060091B58C /* TableViewController.swift */,
			);
			name = InscriptionViewControllers;
			sourceTree = "<group>";
		};
		12466CE61C73932C0091B58C /* model */ = {
			isa = PBXGroup;
			children = (
				12466CE71C7393590091B58C /* Person.swift */,
			);
			name = model;
			sourceTree = "<group>";
		};
		1275EF921C724D1000D31FB2 /* ConnetionViewController */ = {
			isa = PBXGroup;
			children = (
				1275EF931C724D4900D31FB2 /* ConnexionViewController.swift */,
			);
			name = ConnetionViewController;
			sourceTree = "<group>";
		};
		12DB202E1C70CF3100FD8969 = {
			isa = PBXGroup;
			children = (
				12DB20391C70CF3100FD8969 /* Spulling */,
				12DB204E1C70CF3100FD8969 /* SpullingTests */,
				12DB20591C70CF3100FD8969 /* SpullingUITests */,
				12DB20381C70CF3100FD8969 /* Products */,
				448CAA3B7214054A18F75E07 /* Pods */,
				EAD766A58A6ECC38B627812C /* Frameworks */,
			);
			sourceTree = "<group>";
		};
		12DB20381C70CF3100FD8969 /* Products */ = {
			isa = PBXGroup;
			children = (
				12DB20371C70CF3100FD8969 /* Spulling.app */,
				12DB204B1C70CF3100FD8969 /* SpullingTests.xctest */,
				12DB20561C70CF3100FD8969 /* SpullingUITests.xctest */,
			);
			name = Products;
			sourceTree = "<group>";
		};
		12DB20391C70CF3100FD8969 /* Spulling */ = {
			isa = PBXGroup;
			children = (
				1213C3F91C750D9100D19A1A /* Main.storyboard */,
				12466CE61C73932C0091B58C /* model */,
				1275EF921C724D1000D31FB2 /* ConnetionViewController */,
				124274101C70F91100A6EC0F /* InscriptionViewControllers */,
				1242740B1C70E9C300A6EC0F /* ApplicationViewControllers */,
				124274051C70E90A00A6EC0F /* SWRevealView */,
				12DB203A1C70CF3100FD8969 /* AppDelegate.swift */,
				12DB203C1C70CF3100FD8969 /* ViewController.swift */,
				12DB20411C70CF3100FD8969 /* Assets.xcassets */,
				12DB20431C70CF3100FD8969 /* LaunchScreen.storyboard */,
				12DB20461C70CF3100FD8969 /* Info.plist */,
			);
			path = Spulling;
			sourceTree = "<group>";
		};
		12DB204E1C70CF3100FD8969 /* SpullingTests */ = {
			isa = PBXGroup;
			children = (
				12DB204F1C70CF3100FD8969 /* SpullingTests.swift */,
				12DB20511C70CF3100FD8969 /* Info.plist */,
			);
			path = SpullingTests;
			sourceTree = "<group>";
		};
		12DB20591C70CF3100FD8969 /* SpullingUITests */ = {
			isa = PBXGroup;
			children = (
				12DB205A1C70CF3100FD8969 /* SpullingUITests.swift */,
				12DB205C1C70CF3100FD8969 /* Info.plist */,
			);
			path = SpullingUITests;
			sourceTree = "<group>";
		};
		448CAA3B7214054A18F75E07 /* Pods */ = {
			isa = PBXGroup;
			children = (
				D007F9F28352C51A23A06CB9 /* Pods-Spulling.debug.xcconfig */,
				0EF67F4FED7169D0C0DB0649 /* Pods-Spulling.release.xcconfig */,
			);
			name = Pods;
			sourceTree = "<group>";
		};
		EAD766A58A6ECC38B627812C /* Frameworks */ = {
			isa = PBXGroup;
			children = (
				95D5F8930E03587B13E803C7 /* Pods_Spulling.framework */,
			);
			name = Frameworks;
			sourceTree = "<group>";
		};
/* End PBXGroup section */

/* Begin PBXNativeTarget section */
		12DB20361C70CF3100FD8969 /* Spulling */ = {
			isa = PBXNativeTarget;
			buildConfigurationList = 12DB205F1C70CF3100FD8969 /* Build configuration list for PBXNativeTarget "Spulling" */;
			buildPhases = (
				EEAC3CCE919F7F2864E797BA /* Check Pods Manifest.lock */,
				12DB20331C70CF3100FD8969 /* Sources */,
				12DB20341C70CF3100FD8969 /* Frameworks */,
				12DB20351C70CF3100FD8969 /* Resources */,
				2B9DFA0A47AF25E9174D65F4 /* Embed Pods Frameworks */,
				15F49D12BBBBE38D7E3D190A /* Copy Pods Resources */,
			);
			buildRules = (
			);
			dependencies = (
			);
			name = Spulling;
			productName = Spulling;
			productReference = 12DB20371C70CF3100FD8969 /* Spulling.app */;
			productType = "com.apple.product-type.application";
		};
		12DB204A1C70CF3100FD8969 /* SpullingTests */ = {
			isa = PBXNativeTarget;
			buildConfigurationList = 12DB20621C70CF3100FD8969 /* Build configuration list for PBXNativeTarget "SpullingTests" */;
			buildPhases = (
				12DB20471C70CF3100FD8969 /* Sources */,
				12DB20481C70CF3100FD8969 /* Frameworks */,
				12DB20491C70CF3100FD8969 /* Resources */,
			);
			buildRules = (
			);
			dependencies = (
				12DB204D1C70CF3100FD8969 /* PBXTargetDependency */,
			);
			name = SpullingTests;
			productName = SpullingTests;
			productReference = 12DB204B1C70CF3100FD8969 /* SpullingTests.xctest */;
			productType = "com.apple.product-type.bundle.unit-test";
		};
		12DB20551C70CF3100FD8969 /* SpullingUITests */ = {
			isa = PBXNativeTarget;
			buildConfigurationList = 12DB20651C70CF3100FD8969 /* Build configuration list for PBXNativeTarget "SpullingUITests" */;
			buildPhases = (
				12DB20521C70CF3100FD8969 /* Sources */,
				12DB20531C70CF3100FD8969 /* Frameworks */,
				12DB20541C70CF3100FD8969 /* Resources */,
			);
			buildRules = (
			);
			dependencies = (
				12DB20581C70CF3100FD8969 /* PBXTargetDependency */,
			);
			name = SpullingUITests;
			productName = SpullingUITests;
			productReference = 12DB20561C70CF3100FD8969 /* SpullingUITests.xctest */;
			productType = "com.apple.product-type.bundle.ui-testing";
		};
/* End PBXNativeTarget section */

/* Begin PBXProject section */
		12DB202F1C70CF3100FD8969 /* Project object */ = {
			isa = PBXProject;
			attributes = {
				LastSwiftUpdateCheck = 0720;
				LastUpgradeCheck = 0720;
				ORGANIZATIONNAME = "anis ben brahim";
				TargetAttributes = {
					12DB20361C70CF3100FD8969 = {
						CreatedOnToolsVersion = 7.2.1;
						DevelopmentTeam = WELZ8PV2R9;
					};
					12DB204A1C70CF3100FD8969 = {
						CreatedOnToolsVersion = 7.2.1;
						DevelopmentTeam = WELZ8PV2R9;
						TestTargetID = 12DB20361C70CF3100FD8969;
					};
					12DB20551C70CF3100FD8969 = {
						CreatedOnToolsVersion = 7.2.1;
						DevelopmentTeam = WELZ8PV2R9;
						TestTargetID = 12DB20361C70CF3100FD8969;
					};
				};
			};
			buildConfigurationList = 12DB20321C70CF3100FD8969 /* Build configuration list for PBXProject "Spulling" */;
			compatibilityVersion = "Xcode 3.2";
			developmentRegion = English;
			hasScannedForEncodings = 0;
			knownRegions = (
				en,
				Base,
			);
			mainGroup = 12DB202E1C70CF3100FD8969;
			productRefGroup = 12DB20381C70CF3100FD8969 /* Products */;
			projectDirPath = "";
			projectRoot = "";
			targets = (
				12DB20361C70CF3100FD8969 /* Spulling */,
				12DB204A1C70CF3100FD8969 /* SpullingTests */,
				12DB20551C70CF3100FD8969 /* SpullingUITests */,
			);
		};
/* End PBXProject section */

/* Begin PBXResourcesBuildPhase section */
		12DB20351C70CF3100FD8969 /* Resources */ = {
			isa = PBXResourcesBuildPhase;
			buildActionMask = 2147483647;
			files = (
				1213C3FB1C750D9100D19A1A /* Main.storyboard in Resources */,
				12DB20451C70CF3100FD8969 /* LaunchScreen.storyboard in Resources */,
				12DB20421C70CF3100FD8969 /* Assets.xcassets in Resources */,
			);
			runOnlyForDeploymentPostprocessing = 0;
		};
		12DB20491C70CF3100FD8969 /* Resources */ = {
			isa = PBXResourcesBuildPhase;
			buildActionMask = 2147483647;
			files = (
			);
			runOnlyForDeploymentPostprocessing = 0;
		};
		12DB20541C70CF3100FD8969 /* Resources */ = {
			isa = PBXResourcesBuildPhase;
			buildActionMask = 2147483647;
			files = (
			);
			runOnlyForDeploymentPostprocessing = 0;
		};
/* End PBXResourcesBuildPhase section */

/* Begin PBXShellScriptBuildPhase section */
		15F49D12BBBBE38D7E3D190A /* Copy Pods Resources */ = {
			isa = PBXShellScriptBuildPhase;
			buildActionMask = 2147483647;
			files = (
			);
			inputPaths = (
			);
			name = "Copy Pods Resources";
			outputPaths = (
			);
			runOnlyForDeploymentPostprocessing = 0;
			shellPath = /bin/sh;
			shellScript = "\"${SRCROOT}/Pods/Target Support Files/Pods-Spulling/Pods-Spulling-resources.sh\"\n";
			showEnvVarsInLog = 0;
		};
		2B9DFA0A47AF25E9174D65F4 /* Embed Pods Frameworks */ = {
			isa = PBXShellScriptBuildPhase;
			buildActionMask = 2147483647;
			files = (
			);
			inputPaths = (
			);
			name = "Embed Pods Frameworks";
			outputPaths = (
			);
			runOnlyForDeploymentPostprocessing = 0;
			shellPath = /bin/sh;
			shellScript = "\"${SRCROOT}/Pods/Target Support Files/Pods-Spulling/Pods-Spulling-frameworks.sh\"\n";
			showEnvVarsInLog = 0;
		};
		EEAC3CCE919F7F2864E797BA /* Check Pods Manifest.lock */ = {
			isa = PBXShellScriptBuildPhase;
			buildActionMask = 2147483647;
			files = (
			);
			inputPaths = (
			);
			name = "Check Pods Manifest.lock";
			outputPaths = (
			);
			runOnlyForDeploymentPostprocessing = 0;
			shellPath = /bin/sh;
			shellScript = "diff \"${PODS_ROOT}/../Podfile.lock\" \"${PODS_ROOT}/Manifest.lock\" > /dev/null\nif [[ $? != 0 ]] ; then\n    cat << EOM\nerror: The sandbox is not in sync with the Podfile.lock. Run 'pod install' or update your CocoaPods installation.\nEOM\n    exit 1\nfi\n";
			showEnvVarsInLog = 0;
		};
/* End PBXShellScriptBuildPhase section */

/* Begin PBXSourcesBuildPhase section */
		12DB20331C70CF3100FD8969 /* Sources */ = {
			isa = PBXSourcesBuildPhase;
			buildActionMask = 2147483647;
			files = (
				1275EF941C724D4900D31FB2 /* ConnexionViewController.swift in Sources */,
				124274121C70F93100A6EC0F /* FormViewController.swift in Sources */,
				12DB203D1C70CF3100FD8969 /* ViewController.swift in Sources */,
				12466CE51C7390060091B58C /* TableViewController.swift in Sources */,
				12466CE81C7393590091B58C /* Person.swift in Sources */,
				1242740F1C70E9E000A6EC0F /* ProfilViewController.swift in Sources */,
				12466CE31C738D5C0091B58C /* CustomCell.swift in Sources */,
				12DB203B1C70CF3100FD8969 /* AppDelegate.swift in Sources */,
				1242740A1C70E92500A6EC0F /* SWRevealViewController.m in Sources */,
				124274141C71147A00A6EC0F /* ListProfilLinkedInTableViewController.swift in Sources */,
				1242740E1C70E9E000A6EC0F /* HomeViewController.swift in Sources */,
			);
			runOnlyForDeploymentPostprocessing = 0;
		};
		12DB20471C70CF3100FD8969 /* Sources */ = {
			isa = PBXSourcesBuildPhase;
			buildActionMask = 2147483647;
			files = (
				12DB20501C70CF3100FD8969 /* SpullingTests.swift in Sources */,
			);
			runOnlyForDeploymentPostprocessing = 0;
		};
		12DB20521C70CF3100FD8969 /* Sources */ = {
			isa = PBXSourcesBuildPhase;
			buildActionMask = 2147483647;
			files = (
				12DB205B1C70CF3100FD8969 /* SpullingUITests.swift in Sources */,
			);
			runOnlyForDeploymentPostprocessing = 0;
		};
/* End PBXSourcesBuildPhase section */

/* Begin PBXTargetDependency section */
		12DB204D1C70CF3100FD8969 /* PBXTargetDependency */ = {
			isa = PBXTargetDependency;
			target = 12DB20361C70CF3100FD8969 /* Spulling */;
			targetProxy = 12DB204C1C70CF3100FD8969 /* PBXContainerItemProxy */;
		};
		12DB20581C70CF3100FD8969 /* PBXTargetDependency */ = {
			isa = PBXTargetDependency;
			target = 12DB20361C70CF3100FD8969 /* Spulling */;
			targetProxy = 12DB20571C70CF3100FD8969 /* PBXContainerItemProxy */;
		};
/* End PBXTargetDependency section */

/* Begin PBXVariantGroup section */
		1213C3F91C750D9100D19A1A /* Main.storyboard */ = {
			isa = PBXVariantGroup;
			children = (
				1213C3FA1C750D9100D19A1A /* Base */,
			);
			name = Main.storyboard;
			sourceTree = "<group>";
		};
		12DB20431C70CF3100FD8969 /* LaunchScreen.storyboard */ = {
			isa = PBXVariantGroup;
			children = (
				12DB20441C70CF3100FD8969 /* Base */,
			);
			name = LaunchScreen.storyboard;
			sourceTree = "<group>";
		};
/* End PBXVariantGroup section */

/* Begin XCBuildConfiguration section */
		12DB205D1C70CF3100FD8969 /* Debug */ = {
			isa = XCBuildConfiguration;
			buildSettings = {
				ALWAYS_SEARCH_USER_PATHS = NO;
				CLANG_CXX_LANGUAGE_STANDARD = "gnu++0x";
				CLANG_CXX_LIBRARY = "libc++";
				CLANG_ENABLE_MODULES = YES;
				CLANG_ENABLE_OBJC_ARC = YES;
				CLANG_WARN_BOOL_CONVERSION = YES;
				CLANG_WARN_CONSTANT_CONVERSION = YES;
				CLANG_WARN_DIRECT_OBJC_ISA_USAGE = YES_ERROR;
				CLANG_WARN_EMPTY_BODY = YES;
				CLANG_WARN_ENUM_CONVERSION = YES;
				CLANG_WARN_INT_CONVERSION = YES;
				CLANG_WARN_OBJC_ROOT_CLASS = YES_ERROR;
				CLANG_WARN_UNREACHABLE_CODE = YES;
				CLANG_WARN__DUPLICATE_METHOD_MATCH = YES;
				"CODE_SIGN_IDENTITY[sdk=iphoneos*]" = "iPhone Developer";
				COPY_PHASE_STRIP = NO;
				DEBUG_INFORMATION_FORMAT = dwarf;
				ENABLE_STRICT_OBJC_MSGSEND = YES;
				ENABLE_TESTABILITY = YES;
				GCC_C_LANGUAGE_STANDARD = gnu99;
				GCC_DYNAMIC_NO_PIC = NO;
				GCC_NO_COMMON_BLOCKS = YES;
				GCC_OPTIMIZATION_LEVEL = 0;
				GCC_PREPROCESSOR_DEFINITIONS = (
					"DEBUG=1",
					"$(inherited)",
				);
				GCC_WARN_64_TO_32_BIT_CONVERSION = YES;
				GCC_WARN_ABOUT_RETURN_TYPE = YES_ERROR;
				GCC_WARN_UNDECLARED_SELECTOR = YES;
				GCC_WARN_UNINITIALIZED_AUTOS = YES_AGGRESSIVE;
				GCC_WARN_UNUSED_FUNCTION = YES;
				GCC_WARN_UNUSED_VARIABLE = YES;
				IPHONEOS_DEPLOYMENT_TARGET = 9.2;
				MTL_ENABLE_DEBUG_INFO = YES;
				ONLY_ACTIVE_ARCH = YES;
				SDKROOT = iphoneos;
				SWIFT_OPTIMIZATION_LEVEL = "-Onone";
			};
			name = Debug;
		};
		12DB205E1C70CF3100FD8969 /* Release */ = {
			isa = XCBuildConfiguration;
			buildSettings = {
				ALWAYS_SEARCH_USER_PATHS = NO;
				CLANG_CXX_LANGUAGE_STANDARD = "gnu++0x";
				CLANG_CXX_LIBRARY = "libc++";
				CLANG_ENABLE_MODULES = YES;
				CLANG_ENABLE_OBJC_ARC = YES;
				CLANG_WARN_BOOL_CONVERSION = YES;
				CLANG_WARN_CONSTANT_CONVERSION = YES;
				CLANG_WARN_DIRECT_OBJC_ISA_USAGE = YES_ERROR;
				CLANG_WARN_EMPTY_BODY = YES;
				CLANG_WARN_ENUM_CONVERSION = YES;
				CLANG_WARN_INT_CONVERSION = YES;
				CLANG_WARN_OBJC_ROOT_CLASS = YES_ERROR;
				CLANG_WARN_UNREACHABLE_CODE = YES;
				CLANG_WARN__DUPLICATE_METHOD_MATCH = YES;
				"CODE_SIGN_IDENTITY[sdk=iphoneos*]" = "iPhone Developer";
				COPY_PHASE_STRIP = NO;
				DEBUG_INFORMATION_FORMAT = "dwarf-with-dsym";
				ENABLE_NS_ASSERTIONS = NO;
				ENABLE_STRICT_OBJC_MSGSEND = YES;
				GCC_C_LANGUAGE_STANDARD = gnu99;
				GCC_NO_COMMON_BLOCKS = YES;
				GCC_WARN_64_TO_32_BIT_CONVERSION = YES;
				GCC_WARN_ABOUT_RETURN_TYPE = YES_ERROR;
				GCC_WARN_UNDECLARED_SELECTOR = YES;
				GCC_WARN_UNINITIALIZED_AUTOS = YES_AGGRESSIVE;
				GCC_WARN_UNUSED_FUNCTION = YES;
				GCC_WARN_UNUSED_VARIABLE = YES;
				IPHONEOS_DEPLOYMENT_TARGET = 9.2;
				MTL_ENABLE_DEBUG_INFO = NO;
				SDKROOT = iphoneos;
				VALIDATE_PRODUCT = YES;
			};
			name = Release;
		};
		12DB20601C70CF3100FD8969 /* Debug */ = {
			isa = XCBuildConfiguration;
			baseConfigurationReference = D007F9F28352C51A23A06CB9 /* Pods-Spulling.debug.xcconfig */;
			buildSettings = {
				ASSETCATALOG_COMPILER_APPICON_NAME = AppIcon;
				CLANG_ENABLE_MODULES = YES;
				INFOPLIST_FILE = Spulling/Info.plist;
				LD_RUNPATH_SEARCH_PATHS = "$(inherited) @executable_path/Frameworks";
				PRODUCT_BUNDLE_IDENTIFIER = com.digits.Spulling.Spulling;
				PRODUCT_NAME = "$(TARGET_NAME)";
				SWIFT_OBJC_BRIDGING_HEADER = "Spulling/Spulling-Bridging-Header.h";
				SWIFT_OPTIMIZATION_LEVEL = "-Onone";
			};
			name = Debug;
		};
		12DB20611C70CF3100FD8969 /* Release */ = {
			isa = XCBuildConfiguration;
			baseConfigurationReference = 0EF67F4FED7169D0C0DB0649 /* Pods-Spulling.release.xcconfig */;
			buildSettings = {
				ASSETCATALOG_COMPILER_APPICON_NAME = AppIcon;
				CLANG_ENABLE_MODULES = YES;
				INFOPLIST_FILE = Spulling/Info.plist;
				LD_RUNPATH_SEARCH_PATHS = "$(inherited) @executable_path/Frameworks";
				PRODUCT_BUNDLE_IDENTIFIER = com.digits.Spulling.Spulling;
				PRODUCT_NAME = "$(TARGET_NAME)";
				SWIFT_OBJC_BRIDGING_HEADER = "Spulling/Spulling-Bridging-Header.h";
			};
			name = Release;
		};
		12DB20631C70CF3100FD8969 /* Debug */ = {
			isa = XCBuildConfiguration;
			buildSettings = {
				BUNDLE_LOADER = "$(TEST_HOST)";
				INFOPLIST_FILE = SpullingTests/Info.plist;
				LD_RUNPATH_SEARCH_PATHS = "$(inherited) @executable_path/Frameworks @loader_path/Frameworks";
				PRODUCT_BUNDLE_IDENTIFIER = com.digits.Spulling.SpullingTests;
				PRODUCT_NAME = "$(TARGET_NAME)";
				TEST_HOST = "";
			};
			name = Debug;
		};
		12DB20641C70CF3100FD8969 /* Release */ = {
			isa = XCBuildConfiguration;
			buildSettings = {
				BUNDLE_LOADER = "$(TEST_HOST)";
				INFOPLIST_FILE = SpullingTests/Info.plist;
				LD_RUNPATH_SEARCH_PATHS = "$(inherited) @executable_path/Frameworks @loader_path/Frameworks";
				PRODUCT_BUNDLE_IDENTIFIER = com.digits.Spulling.SpullingTests;
				PRODUCT_NAME = "$(TARGET_NAME)";
				TEST_HOST = "";
			};
			name = Release;
		};
		12DB20661C70CF3100FD8969 /* Debug */ = {
			isa = XCBuildConfiguration;
			buildSettings = {
				INFOPLIST_FILE = SpullingUITests/Info.plist;
				LD_RUNPATH_SEARCH_PATHS = "$(inherited) @executable_path/Frameworks @loader_path/Frameworks";
				PRODUCT_BUNDLE_IDENTIFIER = com.digits.Spulling.SpullingUITests;
				PRODUCT_NAME = "$(TARGET_NAME)";
				TEST_TARGET_NAME = Spulling;
				USES_XCTRUNNER = YES;
			};
			name = Debug;
		};
		12DB20671C70CF3100FD8969 /* Release */ = {
			isa = XCBuildConfiguration;
			buildSettings = {
				INFOPLIST_FILE = SpullingUITests/Info.plist;
				LD_RUNPATH_SEARCH_PATHS = "$(inherited) @executable_path/Frameworks @loader_path/Frameworks";
				PRODUCT_BUNDLE_IDENTIFIER = com.digits.Spulling.SpullingUITests;
				PRODUCT_NAME = "$(TARGET_NAME)";
				TEST_TARGET_NAME = Spulling;
				USES_XCTRUNNER = YES;
			};
			name = Release;
		};
/* End XCBuildConfiguration section */

/* Begin XCConfigurationList section */
		12DB20321C70CF3100FD8969 /* Build configuration list for PBXProject "Spulling" */ = {
			isa = XCConfigurationList;
			buildConfigurations = (
				12DB205D1C70CF3100FD8969 /* Debug */,
				12DB205E1C70CF3100FD8969 /* Release */,
			);
			defaultConfigurationIsVisible = 0;
			defaultConfigurationName = Release;
		};
		12DB205F1C70CF3100FD8969 /* Build configuration list for PBXNativeTarget "Spulling" */ = {
			isa = XCConfigurationList;
			buildConfigurations = (
				12DB20601C70CF3100FD8969 /* Debug */,
				12DB20611C70CF3100FD8969 /* Release */,
			);
			defaultConfigurationIsVisible = 0;
			defaultConfigurationName = Release;
		};
		12DB20621C70CF3100FD8969 /* Build configuration list for PBXNativeTarget "SpullingTests" */ = {
			isa = XCConfigurationList;
			buildConfigurations = (
				12DB20631C70CF3100FD8969 /* Debug */,
				12DB20641C70CF3100FD8969 /* Release */,
			);
			defaultConfigurationIsVisible = 0;
			defaultConfigurationName = Release;
		};
		12DB20651C70CF3100FD8969 /* Build configuration list for PBXNativeTarget "SpullingUITests" */ = {
			isa = XCConfigurationList;
			buildConfigurations = (
				12DB20661C70CF3100FD8969 /* Debug */,
				12DB20671C70CF3100FD8969 /* Release */,
			);
			defaultConfigurationIsVisible = 0;
			defaultConfigurationName = Release;
		};
/* End XCConfigurationList section */
	};
	rootObject = 12DB202F1C70CF3100FD8969 /* Project object */;
}
